
Microsoft Visual Studio Solution File, Format Version 12.00
# Visual Studio Version 17
VisualStudioVersion = 17.4.33110.190
MinimumVisualStudioVersion = 10.0.40219.1
Project("{9A19103F-16F7-4668-BE54-9A1E7A4F7556}") = "Ridavei.Settings.DbAbstractions", "Ridavei.Settings.DbAbstractions\Ridavei.Settings.DbAbstractions.csproj", "{61F1A214-C60E-46B6-9A5A-D11A6CB96CE4}"
EndProject
Project("{FAE04EC0-301F-11D3-BF4B-00C04F79EFBC}") = "Ridavei.Settings.DbAbstractions.Tests", "Ridavei.Settings.DbAbstractions.Tests\Ridavei.Settings.DbAbstractions.Tests.csproj", "{002B9622-8F96-4201-AE2A-10DDE15D0E4D}"
EndProject
Global
	GlobalSection(SolutionConfigurationPlatforms) = preSolution
		Debug|Any CPU = Debug|Any CPU
		Release|Any CPU = Release|Any CPU
	EndGlobalSection
	GlobalSection(ProjectConfigurationPlatforms) = postSolution
		{61F1A214-C60E-46B6-9A5A-D11A6CB96CE4}.Debug|Any CPU.ActiveCfg = Debug|Any CPU
		{61F1A214-C60E-46B6-9A5A-D11A6CB96CE4}.Debug|Any CPU.Build.0 = Debug|Any CPU
		{61F1A214-C60E-46B6-9A5A-D11A6CB96CE4}.Release|Any CPU.ActiveCfg = Release|Any CPU
		{61F1A214-C60E-46B6-9A5A-D11A6CB96CE4}.Release|Any CPU.Build.0 = Release|Any CPU
		{002B9622-8F96-4201-AE2A-10DDE15D0E4D}.Debug|Any CPU.ActiveCfg = Debug|Any CPU
		{002B9622-8F96-4201-AE2A-10DDE15D0E4D}.Debug|Any CPU.Build.0 = Debug|Any CPU
		{002B9622-8F96-4201-AE2A-10DDE15D0E4D}.Release|Any CPU.ActiveCfg = Release|Any CPU
		{002B9622-8F96-4201-AE2A-10DDE15D0E4D}.Release|Any CPU.Build.0 = Release|Any CPU
	EndGlobalSection
	GlobalSection(SolutionProperties) = preSolution
		HideSolutionNode = FALSE
	EndGlobalSection
	GlobalSection(ExtensibilityGlobals) = postSolution
		SolutionGuid = {4C723845-3E58-4B69-8AAB-48E3DFD302DF}
	EndGlobalSection
EndGlobal
